
Microsoft Visual Studio Solution File, Format Version 12.00
# Visual Studio Version 17
VisualStudioVersion = 17.11.35327.3
MinimumVisualStudioVersion = 10.0.40219.1
Project("{FAE04EC0-301F-11D3-BF4B-00C04F79EFBC}") = "ConsoleApp3", "ConsoleApp3\ConsoleApp3.csproj", "{96FE37BA-F47B-4F4D-BE1A-A1642C93ACDE}"
EndProject
Global
	GlobalSection(SolutionConfigurationPlatforms) = preSolution
		Debug|Any CPU = Debug|Any CPU
		Release|Any CPU = Release|Any CPU
	EndGlobalSection
	GlobalSection(ProjectConfigurationPlatforms) = postSolution
		{96FE37BA-F47B-4F4D-BE1A-A1642C93ACDE}.Debug|Any CPU.ActiveCfg = Debug|Any CPU
		{96FE37BA-F47B-4F4D-BE1A-A1642C93ACDE}.Debug|Any CPU.Build.0 = Debug|Any CPU
		{96FE37BA-F47B-4F4D-BE1A-A1642C93ACDE}.Release|Any CPU.ActiveCfg = Release|Any CPU
		{96FE37BA-F47B-4F4D-BE1A-A1642C93ACDE}.Release|Any CPU.Build.0 = Release|Any CPU
	EndGlobalSection
	GlobalSection(SolutionProperties) = preSolution
		HideSolutionNode = FALSE
	EndGlobalSection
	GlobalSection(ExtensibilityGlobals) = postSolution
		SolutionGuid = {49E05FDF-B7E4-4720-987B-2E8DA3E2C1E5}
	EndGlobalSection
EndGlobal
